
Microsoft Visual Studio Solution File, Format Version 12.00
# Visual Studio 15
VisualStudioVersion = 15.0.28010.2046
MinimumVisualStudioVersion = 10.0.40219.1
Project("{FAE04EC0-301F-11D3-BF4B-00C04F79EFBC}") = "LibVLCSharp.Light", "LibVLCSharp.Light\LibVLCSharp.Light.csproj", "{C83EC266-B60D-4A08-922B-E52DD9EF819A}"
EndProject
Global
	GlobalSection(SolutionConfigurationPlatforms) = preSolution
		Debug|Any CPU = Debug|Any CPU
		Release|Any CPU = Release|Any CPU
	EndGlobalSection
	GlobalSection(ProjectConfigurationPlatforms) = postSolution
		{C83EC266-B60D-4A08-922B-E52DD9EF819A}.Debug|Any CPU.ActiveCfg = Debug|Any CPU
		{C83EC266-B60D-4A08-922B-E52DD9EF819A}.Debug|Any CPU.Build.0 = Debug|Any CPU
		{C83EC266-B60D-4A08-922B-E52DD9EF819A}.Release|Any CPU.ActiveCfg = Release|Any CPU
		{C83EC266-B60D-4A08-922B-E52DD9EF819A}.Release|Any CPU.Build.0 = Release|Any CPU
	EndGlobalSection
	GlobalSection(SolutionProperties) = preSolution
		HideSolutionNode = FALSE
	EndGlobalSection
	GlobalSection(ExtensibilityGlobals) = postSolution
		SolutionGuid = {247B43B2-11F9-4469-A271-CCCA5F41D8F1}
	EndGlobalSection
EndGlobal
